
Microsoft Visual Studio Solution File, Format Version 12.00
# Visual Studio Version 17
VisualStudioVersion = 17.0.31903.59
MinimumVisualStudioVersion = 10.0.40219.1
Project("{FAE04EC0-301F-11D3-BF4B-00C04F79EFBC}") = "Fidget", "Fidget.csproj", "{114C050A-B3A0-4274-B97D-7CC5D954E72A}"
EndProject
Global
	GlobalSection(SolutionConfigurationPlatforms) = preSolution
		Debug|Any CPU = Debug|Any CPU
		Release|Any CPU = Release|Any CPU
	EndGlobalSection
	GlobalSection(ProjectConfigurationPlatforms) = postSolution
		{114C050A-B3A0-4274-B97D-7CC5D954E72A}.Debug|Any CPU.ActiveCfg = Debug|Any CPU
		{114C050A-B3A0-4274-B97D-7CC5D954E72A}.Debug|Any CPU.Build.0 = Debug|Any CPU
		{114C050A-B3A0-4274-B97D-7CC5D954E72A}.Release|Any CPU.ActiveCfg = Release|Any CPU
		{114C050A-B3A0-4274-B97D-7CC5D954E72A}.Release|Any CPU.Build.0 = Release|Any CPU
	EndGlobalSection
	GlobalSection(SolutionProperties) = preSolution
		HideSolutionNode = FALSE
	EndGlobalSection
	GlobalSection(ExtensibilityGlobals) = postSolution
		SolutionGuid = {87E36415-24A0-44D9-BE05-CB4630CE484F}
	EndGlobalSection
EndGlobal
